
Microsoft Visual Studio Solution File, Format Version 12.00
# Visual Studio 15
VisualStudioVersion = 15.0.27130.2027
MinimumVisualStudioVersion = 10.0.40219.1
Project("{FAE04EC0-301F-11D3-BF4B-00C04F79EFBC}") = "NCapa", "NCapa\NCapa.csproj", "{F5524267-893A-4ED0-A8DC-C5A6F92C7907}"
EndProject
Project("{FAE04EC0-301F-11D3-BF4B-00C04F79EFBC}") = "WcfService", "WcfService\WcfService.csproj", "{DC436A31-5464-4424-84CD-DA6B5A39FC22}"
EndProject
Project("{FAE04EC0-301F-11D3-BF4B-00C04F79EFBC}") = "Test", "Test\Test.csproj", "{B2E89874-298E-41B2-B516-828428B76641}"
	ProjectSection(ProjectDependencies) = postProject
		{DC436A31-5464-4424-84CD-DA6B5A39FC22} = {DC436A31-5464-4424-84CD-DA6B5A39FC22}
	EndProjectSection
EndProject
Global
	GlobalSection(SolutionConfigurationPlatforms) = preSolution
		Debug|Any CPU = Debug|Any CPU
		Release|Any CPU = Release|Any CPU
	EndGlobalSection
	GlobalSection(ProjectConfigurationPlatforms) = postSolution
		{F5524267-893A-4ED0-A8DC-C5A6F92C7907}.Debug|Any CPU.ActiveCfg = Debug|Any CPU
		{F5524267-893A-4ED0-A8DC-C5A6F92C7907}.Debug|Any CPU.Build.0 = Debug|Any CPU
		{F5524267-893A-4ED0-A8DC-C5A6F92C7907}.Release|Any CPU.ActiveCfg = Release|Any CPU
		{F5524267-893A-4ED0-A8DC-C5A6F92C7907}.Release|Any CPU.Build.0 = Release|Any CPU
		{DC436A31-5464-4424-84CD-DA6B5A39FC22}.Debug|Any CPU.ActiveCfg = Debug|Any CPU
		{DC436A31-5464-4424-84CD-DA6B5A39FC22}.Debug|Any CPU.Build.0 = Debug|Any CPU
		{DC436A31-5464-4424-84CD-DA6B5A39FC22}.Release|Any CPU.ActiveCfg = Release|Any CPU
		{DC436A31-5464-4424-84CD-DA6B5A39FC22}.Release|Any CPU.Build.0 = Release|Any CPU
		{B2E89874-298E-41B2-B516-828428B76641}.Debug|Any CPU.ActiveCfg = Debug|Any CPU
		{B2E89874-298E-41B2-B516-828428B76641}.Debug|Any CPU.Build.0 = Debug|Any CPU
		{B2E89874-298E-41B2-B516-828428B76641}.Release|Any CPU.ActiveCfg = Release|Any CPU
		{B2E89874-298E-41B2-B516-828428B76641}.Release|Any CPU.Build.0 = Release|Any CPU
	EndGlobalSection
	GlobalSection(SolutionProperties) = preSolution
		HideSolutionNode = FALSE
	EndGlobalSection
	GlobalSection(ExtensibilityGlobals) = postSolution
		SolutionGuid = {E389DE12-A153-4DE9-9938-84981BBEE909}
	EndGlobalSection
EndGlobal
